
Microsoft Visual Studio Solution File, Format Version 12.00
# Visual Studio Version 16
VisualStudioVersion = 16.0.31613.86
MinimumVisualStudioVersion = 10.0.40219.1
Project("{9A19103F-16F7-4668-BE54-9A1E7A4F7556}") = "DevCard_Mvc", "DevCard_Mvc\DevCard_Mvc.csproj", "{2723F3E1-C8CC-4D4A-A0D1-DB499FBA9492}"
EndProject
Global
	GlobalSection(SolutionConfigurationPlatforms) = preSolution
		Debug|Any CPU = Debug|Any CPU
		Release|Any CPU = Release|Any CPU
	EndGlobalSection
	GlobalSection(ProjectConfigurationPlatforms) = postSolution
		{2723F3E1-C8CC-4D4A-A0D1-DB499FBA9492}.Debug|Any CPU.ActiveCfg = Debug|Any CPU
		{2723F3E1-C8CC-4D4A-A0D1-DB499FBA9492}.Debug|Any CPU.Build.0 = Debug|Any CPU
		{2723F3E1-C8CC-4D4A-A0D1-DB499FBA9492}.Release|Any CPU.ActiveCfg = Release|Any CPU
		{2723F3E1-C8CC-4D4A-A0D1-DB499FBA9492}.Release|Any CPU.Build.0 = Release|Any CPU
	EndGlobalSection
	GlobalSection(SolutionProperties) = preSolution
		HideSolutionNode = FALSE
	EndGlobalSection
	GlobalSection(ExtensibilityGlobals) = postSolution
		SolutionGuid = {42B15BF2-6A87-4CF8-BCFF-0086FE30578E}
	EndGlobalSection
EndGlobal
